{
  "version": 4,
  "terraform_version": "1.7.4",
  "serial": 381,
  "lineage": "a5e05305-d563-64ca-9baf-e420f0ebe40a",
  "outputs": {},
  "resources": [
    {
      "module": "module.EKS",
      "mode": "managed",
      "type": "aws_eks_cluster",
      "name": "eks",
      "provider": "provider[\"registry.terraform.io/hashicorp/aws\"]",
      "instances": [
        {
          "schema_version": 0,
          "attributes": {
            "arn": "arn:aws:eks:ap-northeast-1:637423369403:cluster/App-EKS",
            "certificate_authority": [
              {
                "data": "LS0tLS1CRUdJTiBDRVJUSUZJQ0FURS0tLS0tCk1JSURCVENDQWUyZ0F3SUJBZ0lJZEJYSVJtOEJPN1F3RFFZSktvWklodmNOQVFFTEJRQXdGVEVUTUJFR0ExVUUKQXhNS2EzVmlaWEp1WlhSbGN6QWVGdzB5TkRBME1UVXdNVEkzTXpsYUZ3MHpOREEwTVRNd01UTXlNemxhTUJVeApFekFSQmdOVkJBTVRDbXQxWW1WeWJtVjBaWE13Z2dFaU1BMEdDU3FHU0liM0RRRUJBUVVBQTRJQkR3QXdnZ0VLCkFvSUJBUUNjYTlUZ3VyRndUMklUTnA4Tk02cDIvSnBVdU9NYmZJZXRDQ1JFM3R2UVF5NG1oQ2MrQ0dERk5ydHoKUGFHVHJRNFMzVSt4THRnOWthd3dUQXZzUlQzRThuck1MWmpraUltUm5GNDdBWjN4S2lCUmRnNks2cXdDOTVvdgpjWW1qak1KL0tVMlNSemtyejhYNUF1OVBiY1lHUncwbUNYSndnMkx4SnZuWW1tbkx3WUo1OVlYQXh6SEpCZ3Z3CjhOaWhaWmlLL1VCVXlUdkN5RmlwREFNc1h2cWpPbDM1dHhkV2xla3NrejlQZXpzK0pwL2ZGbFR4a2NxSGFnbC8KRy80Q25WL3F2S0JOekpwTmVpN255ckZ6a0VoRllTZStDVi9jcGZvMVZiWEJXS0V2N1BzMUhsZ1dCT3Q3aDI3dAo1d3k0UDd0WGJOeXpkR3JRaWM1UVRERUloaXMvQWdNQkFBR2pXVEJYTUE0R0ExVWREd0VCL3dRRUF3SUNwREFQCkJnTlZIUk1CQWY4RUJUQURBUUgvTUIwR0ExVWREZ1FXQkJTckZkblBtbUo5Z3JrTDBKblVTeFEvTm9YZWtqQVYKQmdOVkhSRUVEakFNZ2dwcmRXSmxjbTVsZEdWek1BMEdDU3FHU0liM0RRRUJDd1VBQTRJQkFRQkpEVnZPZkUzSAphQkM5YTUxSFNVRVl5MmY5T012TTJnRlFaU3BRYnB6YWx1RlBXUDg2OUk2OVpwa0M4eThVNjlySk5hS3hZVEliCm9TVllTckFFWk1hc2luQitSU3I0bGM0UjliTEFRcUtuME9BNnJOTmZyQUFLUVlodUdpeklYa3NKNjNRSW9GV3oKSTcxaUpGOHpuSkI3RXFEd3FMTFJmVGk5eWF5Tytlc1dCTW1ub0ZzajdKdi83dGh6WDdzdi9tSmxnSTRZeFFCdgpPQ1NsN2JoVUg0czl2dm9XWGlzUDh4V2RMT3F4N3BnVFRScHdEM0N3b2J1QzJuUnVOTC9VZUk0OCtwZXJUSS91CjlvYmRWU1ErTkxoQUpudFFtN1V5T2xSMGpEeHRMcDVYL3l4SkFGYWJxWHRvQUxMbWN4WnJuL3VkMmZlKzE2TlUKQTNQNWUrc1M3cU1vCi0tLS0tRU5EIENFUlRJRklDQVRFLS0tLS0K"
              }
            ],
            "cluster_id": null,
            "created_at": "2024-04-15 01:27:53.394 +0000 UTC",
            "enabled_cluster_log_types": null,
            "encryption_config": [],
            "endpoint": "https://2B25BEC3785FA4019B30BEA97FE4D9E2.gr7.ap-northeast-1.eks.amazonaws.com",
            "id": "App-EKS",
            "identity": [
              {
                "oidc": [
                  {
                    "issuer": "https://oidc.eks.ap-northeast-1.amazonaws.com/id/2B25BEC3785FA4019B30BEA97FE4D9E2"
                  }
                ]
              }
            ],
            "kubernetes_network_config": [
              {
                "ip_family": "ipv4",
                "service_ipv4_cidr": "10.100.0.0/16",
                "service_ipv6_cidr": ""
              }
            ],
            "name": "App-EKS",
            "outpost_config": [],
            "platform_version": "eks.15",
            "role_arn": "arn:aws:iam::637423369403:role/App-EKS-EKS-role",
            "status": "ACTIVE",
            "tags": null,
            "tags_all": {},
            "timeouts": null,
            "version": "1.27",
            "vpc_config": [
              {
                "cluster_security_group_id": "sg-0ecaf22f13132b2fb",
                "endpoint_private_access": false,
                "endpoint_public_access": true,
                "public_access_cidrs": [
                  "0.0.0.0/0"
                ],
                "security_group_ids": null,
                "subnet_ids": [
                  "subnet-013e7ab86173cdca5",
                  "subnet-017c3f07b4806c886",
                  "subnet-027c8446c0ea6c288",
                  "subnet-0688bdc3fd2100871",
                  "subnet-0c30a645c7ec2d330",
                  "subnet-0e6f4aab62488dd73"
                ],
                "vpc_id": "vpc-033966be9ca3051f4"
              }
            ]
          },
          "sensitive_attributes": [],
          "private": "eyJlMmJmYjczMC1lY2FhLTExZTYtOGY4OC0zNDM2M2JjN2M0YzAiOnsiY3JlYXRlIjoxODAwMDAwMDAwMDAwLCJkZWxldGUiOjkwMDAwMDAwMDAwMCwidXBkYXRlIjozNjAwMDAwMDAwMDAwfX0=",
          "dependencies": [
            "module.IAM.aws_iam_role.eks_cluster_role",
            "module.VPC.aws_subnet.pri-sub-3-a",
            "module.VPC.aws_subnet.pri-sub-4-b",
            "module.VPC.aws_subnet.pri-sub-5-a",
            "module.VPC.aws_subnet.pri-sub-6-b",
            "module.VPC.aws_subnet.pub-sub-1-a",
            "module.VPC.aws_subnet.pub-sub-2-b",
            "module.VPC.aws_vpc.vpc",
            "module.VPC.data.aws_availability_zones.available_zones"
          ]
        }
      ]
    },
    {
      "module": "module.IAM",
      "mode": "managed",
      "type": "aws_iam_role",
      "name": "eks_cluster_role",
      "provider": "provider[\"registry.terraform.io/hashicorp/aws\"]",
      "instances": [
        {
          "schema_version": 0,
          "attributes": {
            "arn": "arn:aws:iam::637423369403:role/App-EKS-EKS-role",
            "assume_role_policy": "{\"Statement\":[{\"Action\":\"sts:AssumeRole\",\"Effect\":\"Allow\",\"Principal\":{\"Service\":\"eks.amazonaws.com\"}}],\"Version\":\"2012-10-17\"}",
            "create_date": "2024-04-15T01:27:26Z",
            "description": "",
            "force_detach_policies": false,
            "id": "App-EKS-EKS-role",
            "inline_policy": [],
            "managed_policy_arns": [],
            "max_session_duration": 3600,
            "name": "App-EKS-EKS-role",
            "name_prefix": "",
            "path": "/",
            "permissions_boundary": null,
            "role_last_used": [
              {
                "last_used_date": "",
                "region": ""
              }
            ],
            "tags": null,
            "tags_all": {},
            "unique_id": "AROAZI2LEXS55OKV7ZCSS"
          },
          "sensitive_attributes": [],
          "private": "bnVsbA=="
        }
      ]
    },
    {
      "module": "module.IAM",
      "mode": "managed",
      "type": "aws_iam_role",
      "name": "nodes_general",
      "provider": "provider[\"registry.terraform.io/hashicorp/aws\"]",
      "instances": [
        {
          "schema_version": 0,
          "attributes": {
            "arn": "arn:aws:iam::637423369403:role/App-EKS-Node-group-role",
            "assume_role_policy": "{\"Statement\":[{\"Action\":\"sts:AssumeRole\",\"Effect\":\"Allow\",\"Principal\":{\"Service\":\"ec2.amazonaws.com\"}}],\"Version\":\"2012-10-17\"}",
            "create_date": "2024-04-15T01:27:26Z",
            "description": "",
            "force_detach_policies": false,
            "id": "App-EKS-Node-group-role",
            "inline_policy": [],
            "managed_policy_arns": [],
            "max_session_duration": 3600,
            "name": "App-EKS-Node-group-role",
            "name_prefix": "",
            "path": "/",
            "permissions_boundary": null,
            "role_last_used": [
              {
                "last_used_date": "",
                "region": ""
              }
            ],
            "tags": null,
            "tags_all": {},
            "unique_id": "AROAZI2LEXS53VAOYVVPH"
          },
          "sensitive_attributes": [],
          "private": "bnVsbA=="
        }
      ]
    },
    {
      "module": "module.IAM",
      "mode": "managed",
      "type": "aws_iam_role_policy_attachment",
      "name": "amazon_ec2_container_registry_read_only",
      "provider": "provider[\"registry.terraform.io/hashicorp/aws\"]",
      "instances": [
        {
          "schema_version": 0,
          "attributes": {
            "id": "App-EKS-Node-group-role-20240415012731177800000004",
            "policy_arn": "arn:aws:iam::aws:policy/AmazonEC2ContainerRegistryReadOnly",
            "role": "App-EKS-Node-group-role"
          },
          "sensitive_attributes": [],
          "private": "bnVsbA==",
          "dependencies": [
            "module.IAM.aws_iam_role.nodes_general"
          ]
        }
      ]
    },
    {
      "module": "module.IAM",
      "mode": "managed",
      "type": "aws_iam_role_policy_attachment",
      "name": "amazon_eks_cluster_policy",
      "provider": "provider[\"registry.terraform.io/hashicorp/aws\"]",
      "instances": [
        {
          "schema_version": 0,
          "attributes": {
            "id": "App-EKS-EKS-role-20240415012730921000000002",
            "policy_arn": "arn:aws:iam::aws:policy/AmazonEKSClusterPolicy",
            "role": "App-EKS-EKS-role"
          },
          "sensitive_attributes": [],
          "private": "bnVsbA==",
          "dependencies": [
            "module.IAM.aws_iam_role.eks_cluster_role"
          ]
        }
      ]
    },
    {
      "module": "module.IAM",
      "mode": "managed",
      "type": "aws_iam_role_policy_attachment",
      "name": "amazon_eks_cni_policy_general",
      "provider": "provider[\"registry.terraform.io/hashicorp/aws\"]",
      "instances": [
        {
          "schema_version": 0,
          "attributes": {
            "id": "App-EKS-Node-group-role-20240415012731127500000003",
            "policy_arn": "arn:aws:iam::aws:policy/AmazonEKS_CNI_Policy",
            "role": "App-EKS-Node-group-role"
          },
          "sensitive_attributes": [],
          "private": "bnVsbA==",
          "dependencies": [
            "module.IAM.aws_iam_role.nodes_general"
          ]
        }
      ]
    },
    {
      "module": "module.IAM",
      "mode": "managed",
      "type": "aws_iam_role_policy_attachment",
      "name": "amazon_eks_worker_node_policy_general",
      "provider": "provider[\"registry.terraform.io/hashicorp/aws\"]",
      "instances": [
        {
          "schema_version": 0,
          "attributes": {
            "id": "App-EKS-Node-group-role-20240415012731365300000005",
            "policy_arn": "arn:aws:iam::aws:policy/AmazonEKSWorkerNodePolicy",
            "role": "App-EKS-Node-group-role"
          },
          "sensitive_attributes": [],
          "private": "bnVsbA==",
          "dependencies": [
            "module.IAM.aws_iam_role.nodes_general"
          ]
        }
      ]
    },
    {
      "module": "module.IAM",
      "mode": "managed",
      "type": "aws_iam_role_policy_attachment",
      "name": "elastic_load_balancing_full_access",
      "provider": "provider[\"registry.terraform.io/hashicorp/aws\"]",
      "instances": [
        {
          "schema_version": 0,
          "attributes": {
            "id": "App-EKS-EKS-role-20240415012730879300000001",
            "policy_arn": "arn:aws:iam::aws:policy/ElasticLoadBalancingFullAccess",
            "role": "App-EKS-EKS-role"
          },
          "sensitive_attributes": [],
          "private": "bnVsbA==",
          "dependencies": [
            "module.IAM.aws_iam_role.eks_cluster_role"
          ]
        }
      ]
    },
    {
      "module": "module.NAT-GW",
      "mode": "managed",
      "type": "aws_eip",
      "name": "EIP-NAT-GW-A",
      "provider": "provider[\"registry.terraform.io/hashicorp/aws\"]",
      "instances": [
        {
          "schema_version": 0,
          "attributes": {
            "address": null,
            "allocation_id": "eipalloc-0dc15034873eea6b4",
            "associate_with_private_ip": null,
            "association_id": "",
            "carrier_ip": "",
            "customer_owned_ip": "",
            "customer_owned_ipv4_pool": "",
            "domain": "vpc",
            "id": "eipalloc-0dc15034873eea6b4",
            "instance": "",
            "network_border_group": "ap-northeast-1",
            "network_interface": "",
            "private_dns": null,
            "private_ip": "",
            "public_dns": "ec2-18-176-162-249.ap-northeast-1.compute.amazonaws.com",
            "public_ip": "18.176.162.249",
            "public_ipv4_pool": "amazon",
            "tags": {
              "Name": "NAT-GW-EIP-A"
            },
            "tags_all": {
              "Name": "NAT-GW-EIP-A"
            },
            "timeouts": null,
            "vpc": true
          },
          "sensitive_attributes": [],
          "private": "eyJlMmJmYjczMC1lY2FhLTExZTYtOGY4OC0zNDM2M2JjN2M0YzAiOnsiZGVsZXRlIjoxODAwMDAwMDAwMDAsInJlYWQiOjkwMDAwMDAwMDAwMCwidXBkYXRlIjozMDAwMDAwMDAwMDB9fQ=="
        }
      ]
    },
    {
      "module": "module.NAT-GW",
      "mode": "managed",
      "type": "aws_eip",
      "name": "EIP-NAT-GW-B",
      "provider": "provider[\"registry.terraform.io/hashicorp/aws\"]",
      "instances": [
        {
          "schema_version": 0,
          "attributes": {
            "address": null,
            "allocation_id": "eipalloc-09b106e6bccf65c77",
            "associate_with_private_ip": null,
            "association_id": "",
            "carrier_ip": "",
            "customer_owned_ip": "",
            "customer_owned_ipv4_pool": "",
            "domain": "vpc",
            "id": "eipalloc-09b106e6bccf65c77",
            "instance": "",
            "network_border_group": "ap-northeast-1",
            "network_interface": "",
            "private_dns": null,
            "private_ip": "",
            "public_dns": "ec2-18-180-233-211.ap-northeast-1.compute.amazonaws.com",
            "public_ip": "18.180.233.211",
            "public_ipv4_pool": "amazon",
            "tags": {
              "Name": "NAT-GW-EIP-B"
            },
            "tags_all": {
              "Name": "NAT-GW-EIP-B"
            },
            "timeouts": null,
            "vpc": true
          },
          "sensitive_attributes": [],
          "private": "eyJlMmJmYjczMC1lY2FhLTExZTYtOGY4OC0zNDM2M2JjN2M0YzAiOnsiZGVsZXRlIjoxODAwMDAwMDAwMDAsInJlYWQiOjkwMDAwMDAwMDAwMCwidXBkYXRlIjozMDAwMDAwMDAwMDB9fQ=="
        }
      ]
    },
    {
      "module": "module.NAT-GW",
      "mode": "managed",
      "type": "aws_nat_gateway",
      "name": "NAT-GW-A",
      "provider": "provider[\"registry.terraform.io/hashicorp/aws\"]",
      "instances": [
        {
          "schema_version": 0,
          "attributes": {
            "allocation_id": "eipalloc-0dc15034873eea6b4",
            "association_id": "eipassoc-0650d4f18c42ee506",
            "connectivity_type": "public",
            "id": "nat-0b390f84ed0591929",
            "network_interface_id": "eni-07f01829baf1a16ff",
            "private_ip": "192.168.4.251",
            "public_ip": "18.176.162.249",
            "subnet_id": "subnet-0688bdc3fd2100871",
            "tags": {
              "Name": "NAT-GW-A"
            },
            "tags_all": {
              "Name": "NAT-GW-A"
            }
          },
          "sensitive_attributes": [],
          "private": "bnVsbA==",
          "dependencies": [
            "module.NAT-GW.aws_eip.EIP-NAT-GW-A",
            "module.VPC.aws_internet_gateway.internet_gateway",
            "module.VPC.aws_subnet.pub-sub-1-a",
            "module.VPC.aws_vpc.vpc",
            "module.VPC.data.aws_availability_zones.available_zones"
          ]
        }
      ]
    },
    {
      "module": "module.NAT-GW",
      "mode": "managed",
      "type": "aws_nat_gateway",
      "name": "NAT-GW-B",
      "provider": "provider[\"registry.terraform.io/hashicorp/aws\"]",
      "instances": [
        {
          "schema_version": 0,
          "attributes": {
            "allocation_id": "eipalloc-09b106e6bccf65c77",
            "association_id": "eipassoc-04dcfaa2b550e7539",
            "connectivity_type": "public",
            "id": "nat-05bf3fd5e2e4b4f44",
            "network_interface_id": "eni-0ed8a84f27f64adbd",
            "private_ip": "192.168.30.227",
            "public_ip": "18.180.233.211",
            "subnet_id": "subnet-0e6f4aab62488dd73",
            "tags": {
              "Name": "NAT-GW-B"
            },
            "tags_all": {
              "Name": "NAT-GW-B"
            }
          },
          "sensitive_attributes": [],
          "private": "bnVsbA==",
          "dependencies": [
            "module.NAT-GW.aws_eip.EIP-NAT-GW-B",
            "module.VPC.aws_internet_gateway.internet_gateway",
            "module.VPC.aws_subnet.pub-sub-2-b",
            "module.VPC.aws_vpc.vpc",
            "module.VPC.data.aws_availability_zones.available_zones"
          ]
        }
      ]
    },
    {
      "module": "module.NAT-GW",
      "mode": "managed",
      "type": "aws_route_table",
      "name": "Pri-RT-A",
      "provider": "provider[\"registry.terraform.io/hashicorp/aws\"]",
      "instances": [
        {
          "schema_version": 0,
          "attributes": {
            "arn": "arn:aws:ec2:ap-northeast-1:637423369403:route-table/rtb-00fdd9df937fa2627",
            "id": "rtb-00fdd9df937fa2627",
            "owner_id": "637423369403",
            "propagating_vgws": [],
            "route": [
              {
                "carrier_gateway_id": "",
                "cidr_block": "0.0.0.0/0",
                "core_network_arn": "",
                "destination_prefix_list_id": "",
                "egress_only_gateway_id": "",
                "gateway_id": "",
                "instance_id": "",
                "ipv6_cidr_block": "",
                "local_gateway_id": "",
                "nat_gateway_id": "nat-0b390f84ed0591929",
                "network_interface_id": "",
                "transit_gateway_id": "",
                "vpc_endpoint_id": "",
                "vpc_peering_connection_id": ""
              }
            ],
            "tags": {
              "Name": "Pri-RT-A"
            },
            "tags_all": {
              "Name": "Pri-RT-A"
            },
            "timeouts": null,
            "vpc_id": "vpc-033966be9ca3051f4"
          },
          "sensitive_attributes": [],
          "private": "eyJlMmJmYjczMC1lY2FhLTExZTYtOGY4OC0zNDM2M2JjN2M0YzAiOnsiY3JlYXRlIjozMDAwMDAwMDAwMDAsImRlbGV0ZSI6MzAwMDAwMDAwMDAwLCJ1cGRhdGUiOjEyMDAwMDAwMDAwMH19",
          "dependencies": [
            "module.NAT-GW.aws_eip.EIP-NAT-GW-A",
            "module.NAT-GW.aws_nat_gateway.NAT-GW-A",
            "module.VPC.aws_internet_gateway.internet_gateway",
            "module.VPC.aws_subnet.pub-sub-1-a",
            "module.VPC.aws_vpc.vpc",
            "module.VPC.data.aws_availability_zones.available_zones"
          ]
        }
      ]
    },
    {
      "module": "module.NAT-GW",
      "mode": "managed",
      "type": "aws_route_table",
      "name": "Pri-RT-B",
      "provider": "provider[\"registry.terraform.io/hashicorp/aws\"]",
      "instances": [
        {
          "schema_version": 0,
          "attributes": {
            "arn": "arn:aws:ec2:ap-northeast-1:637423369403:route-table/rtb-0b993595966748429",
            "id": "rtb-0b993595966748429",
            "owner_id": "637423369403",
            "propagating_vgws": [],
            "route": [
              {
                "carrier_gateway_id": "",
                "cidr_block": "0.0.0.0/0",
                "core_network_arn": "",
                "destination_prefix_list_id": "",
                "egress_only_gateway_id": "",
                "gateway_id": "",
                "instance_id": "",
                "ipv6_cidr_block": "",
                "local_gateway_id": "",
                "nat_gateway_id": "nat-05bf3fd5e2e4b4f44",
                "network_interface_id": "",
                "transit_gateway_id": "",
                "vpc_endpoint_id": "",
                "vpc_peering_connection_id": ""
              }
            ],
            "tags": {
              "Name": "Pri-RT-B"
            },
            "tags_all": {
              "Name": "Pri-RT-B"
            },
            "timeouts": null,
            "vpc_id": "vpc-033966be9ca3051f4"
          },
          "sensitive_attributes": [],
          "private": "eyJlMmJmYjczMC1lY2FhLTExZTYtOGY4OC0zNDM2M2JjN2M0YzAiOnsiY3JlYXRlIjozMDAwMDAwMDAwMDAsImRlbGV0ZSI6MzAwMDAwMDAwMDAwLCJ1cGRhdGUiOjEyMDAwMDAwMDAwMH19",
          "dependencies": [
            "module.NAT-GW.aws_eip.EIP-NAT-GW-B",
            "module.NAT-GW.aws_nat_gateway.NAT-GW-B",
            "module.VPC.aws_internet_gateway.internet_gateway",
            "module.VPC.aws_subnet.pub-sub-2-b",
            "module.VPC.aws_vpc.vpc",
            "module.VPC.data.aws_availability_zones.available_zones"
          ]
        }
      ]
    },
    {
      "module": "module.NAT-GW",
      "mode": "managed",
      "type": "aws_route_table_association",
      "name": "pri-sub-3-a-with-Pri-RT-A",
      "provider": "provider[\"registry.terraform.io/hashicorp/aws\"]",
      "instances": [
        {
          "schema_version": 0,
          "attributes": {
            "gateway_id": "",
            "id": "rtbassoc-065c2e0ea5ebd6915",
            "route_table_id": "rtb-00fdd9df937fa2627",
            "subnet_id": "subnet-013e7ab86173cdca5",
            "timeouts": null
          },
          "sensitive_attributes": [],
          "private": "eyJlMmJmYjczMC1lY2FhLTExZTYtOGY4OC0zNDM2M2JjN2M0YzAiOnsiY3JlYXRlIjozMDAwMDAwMDAwMDAsImRlbGV0ZSI6MzAwMDAwMDAwMDAwLCJ1cGRhdGUiOjEyMDAwMDAwMDAwMH19",
          "dependencies": [
            "module.NAT-GW.aws_eip.EIP-NAT-GW-A",
            "module.NAT-GW.aws_nat_gateway.NAT-GW-A",
            "module.NAT-GW.aws_route_table.Pri-RT-A",
            "module.VPC.aws_internet_gateway.internet_gateway",
            "module.VPC.aws_subnet.pri-sub-3-a",
            "module.VPC.aws_subnet.pub-sub-1-a",
            "module.VPC.aws_vpc.vpc",
            "module.VPC.data.aws_availability_zones.available_zones"
          ]
        }
      ]
    },
    {
      "module": "module.NAT-GW",
      "mode": "managed",
      "type": "aws_route_table_association",
      "name": "pri-sub-4-b-with-Pri-RT-B",
      "provider": "provider[\"registry.terraform.io/hashicorp/aws\"]",
      "instances": [
        {
          "schema_version": 0,
          "attributes": {
            "gateway_id": "",
            "id": "rtbassoc-02b207798041d9a9e",
            "route_table_id": "rtb-0b993595966748429",
            "subnet_id": "subnet-0c30a645c7ec2d330",
            "timeouts": null
          },
          "sensitive_attributes": [],
          "private": "eyJlMmJmYjczMC1lY2FhLTExZTYtOGY4OC0zNDM2M2JjN2M0YzAiOnsiY3JlYXRlIjozMDAwMDAwMDAwMDAsImRlbGV0ZSI6MzAwMDAwMDAwMDAwLCJ1cGRhdGUiOjEyMDAwMDAwMDAwMH19",
          "dependencies": [
            "module.NAT-GW.aws_eip.EIP-NAT-GW-B",
            "module.NAT-GW.aws_nat_gateway.NAT-GW-B",
            "module.NAT-GW.aws_route_table.Pri-RT-B",
            "module.VPC.aws_internet_gateway.internet_gateway",
            "module.VPC.aws_subnet.pri-sub-4-b",
            "module.VPC.aws_subnet.pub-sub-2-b",
            "module.VPC.aws_vpc.vpc",
            "module.VPC.data.aws_availability_zones.available_zones"
          ]
        }
      ]
    },
    {
      "module": "module.NAT-GW",
      "mode": "managed",
      "type": "aws_route_table_association",
      "name": "pri-sub-5-a-with-Pri-RT-A",
      "provider": "provider[\"registry.terraform.io/hashicorp/aws\"]",
      "instances": [
        {
          "schema_version": 0,
          "attributes": {
            "gateway_id": "",
            "id": "rtbassoc-069bfacaf5165452e",
            "route_table_id": "rtb-00fdd9df937fa2627",
            "subnet_id": "subnet-017c3f07b4806c886",
            "timeouts": null
          },
          "sensitive_attributes": [],
          "private": "eyJlMmJmYjczMC1lY2FhLTExZTYtOGY4OC0zNDM2M2JjN2M0YzAiOnsiY3JlYXRlIjozMDAwMDAwMDAwMDAsImRlbGV0ZSI6MzAwMDAwMDAwMDAwLCJ1cGRhdGUiOjEyMDAwMDAwMDAwMH19",
          "dependencies": [
            "module.NAT-GW.aws_eip.EIP-NAT-GW-A",
            "module.NAT-GW.aws_nat_gateway.NAT-GW-A",
            "module.NAT-GW.aws_route_table.Pri-RT-A",
            "module.VPC.aws_internet_gateway.internet_gateway",
            "module.VPC.aws_subnet.pri-sub-5-a",
            "module.VPC.aws_subnet.pub-sub-1-a",
            "module.VPC.aws_vpc.vpc",
            "module.VPC.data.aws_availability_zones.available_zones"
          ]
        }
      ]
    },
    {
      "module": "module.NAT-GW",
      "mode": "managed",
      "type": "aws_route_table_association",
      "name": "pri-sub-6-B-with-Pri-RT-A",
      "provider": "provider[\"registry.terraform.io/hashicorp/aws\"]",
      "instances": [
        {
          "schema_version": 0,
          "attributes": {
            "gateway_id": "",
            "id": "rtbassoc-0fcd58706b272a02d",
            "route_table_id": "rtb-00fdd9df937fa2627",
            "subnet_id": "subnet-027c8446c0ea6c288",
            "timeouts": null
          },
          "sensitive_attributes": [],
          "private": "eyJlMmJmYjczMC1lY2FhLTExZTYtOGY4OC0zNDM2M2JjN2M0YzAiOnsiY3JlYXRlIjozMDAwMDAwMDAwMDAsImRlbGV0ZSI6MzAwMDAwMDAwMDAwLCJ1cGRhdGUiOjEyMDAwMDAwMDAwMH19",
          "dependencies": [
            "module.NAT-GW.aws_eip.EIP-NAT-GW-A",
            "module.NAT-GW.aws_nat_gateway.NAT-GW-A",
            "module.NAT-GW.aws_route_table.Pri-RT-A",
            "module.VPC.aws_internet_gateway.internet_gateway",
            "module.VPC.aws_subnet.pri-sub-6-b",
            "module.VPC.aws_subnet.pub-sub-1-a",
            "module.VPC.aws_vpc.vpc",
            "module.VPC.data.aws_availability_zones.available_zones"
          ]
        }
      ]
    },
    {
      "module": "module.NAT-GW",
      "mode": "managed",
      "type": "aws_route_table_association",
      "name": "pri-sub-7-a-with-Pri-RT-A",
      "provider": "provider[\"registry.terraform.io/hashicorp/aws\"]",
      "instances": [
        {
          "schema_version": 0,
          "attributes": {
            "gateway_id": "",
            "id": "rtbassoc-0fcd58706b272a02d",
            "route_table_id": "rtb-00fdd9df937fa2627",
            "subnet_id": "subnet-027c8446c0ea6c288",
            "timeouts": null
          },
          "sensitive_attributes": [],
          "private": "eyJlMmJmYjczMC1lY2FhLTExZTYtOGY4OC0zNDM2M2JjN2M0YzAiOnsiY3JlYXRlIjozMDAwMDAwMDAwMDAsImRlbGV0ZSI6MzAwMDAwMDAwMDAwLCJ1cGRhdGUiOjEyMDAwMDAwMDAwMH19",
          "dependencies": [
            "module.NAT-GW.aws_eip.EIP-NAT-GW-A",
            "module.NAT-GW.aws_nat_gateway.NAT-GW-A",
            "module.NAT-GW.aws_route_table.Pri-RT-A",
            "module.VPC.aws_internet_gateway.internet_gateway",
            "module.VPC.aws_subnet.pri-sub-6-b",
            "module.VPC.aws_subnet.pub-sub-1-a",
            "module.VPC.aws_vpc.vpc",
            "module.VPC.data.aws_availability_zones.available_zones"
          ]
        }
      ]
    },
    {
      "module": "module.NAT-GW",
      "mode": "managed",
      "type": "aws_route_table_association",
      "name": "pri-sub-8-B-with-Pri-RT-A",
      "provider": "provider[\"registry.terraform.io/hashicorp/aws\"]",
      "instances": [
        {
          "schema_version": 0,
          "attributes": {
            "gateway_id": "",
            "id": "rtbassoc-0fcd58706b272a02d",
            "route_table_id": "rtb-00fdd9df937fa2627",
            "subnet_id": "subnet-027c8446c0ea6c288",
            "timeouts": null
          },
          "sensitive_attributes": [],
          "private": "eyJlMmJmYjczMC1lY2FhLTExZTYtOGY4OC0zNDM2M2JjN2M0YzAiOnsiY3JlYXRlIjozMDAwMDAwMDAwMDAsImRlbGV0ZSI6MzAwMDAwMDAwMDAwLCJ1cGRhdGUiOjEyMDAwMDAwMDAwMH19",
          "dependencies": [
            "module.NAT-GW.aws_eip.EIP-NAT-GW-A",
            "module.NAT-GW.aws_nat_gateway.NAT-GW-A",
            "module.NAT-GW.aws_route_table.Pri-RT-A",
            "module.VPC.aws_internet_gateway.internet_gateway",
            "module.VPC.aws_subnet.pri-sub-6-b",
            "module.VPC.aws_subnet.pub-sub-1-a",
            "module.VPC.aws_vpc.vpc",
            "module.VPC.data.aws_availability_zones.available_zones"
          ]
        }
      ]
    },
    {
      "module": "module.NODE_GROUP",
      "mode": "managed",
      "type": "aws_eks_node_group",
      "name": "nodes_1",
      "provider": "provider[\"registry.terraform.io/hashicorp/aws\"]",
      "instances": [
        {
          "schema_version": 0,
          "attributes": {
            "ami_type": "AL2_x86_64",
            "arn": "arn:aws:eks:ap-northeast-1:637423369403:nodegroup/App-EKS/App-EKS-NG/14c76fb2-63f9-93ae-72bd-3ba1779124cd",
            "capacity_type": "ON_DEMAND",
            "cluster_name": "App-EKS",
            "disk_size": 20,
            "force_update_version": false,
            "id": "App-EKS:App-EKS-NG",
            "instance_types": [
              "t3.small"
            ],
            "labels": {
              "name": "App-EKS-NG-1",
              "node-type": "web",
              "role": "App-EKS-Node-group-role-1"
            },
            "launch_template": [],
            "node_group_name": "App-EKS-NG",
            "node_group_name_prefix": "",
            "node_role_arn": "arn:aws:iam::637423369403:role/App-EKS-Node-group-role",
            "release_version": "1.27.9-20240409",
            "remote_access": [],
            "resources": [
              {
                "autoscaling_groups": [
                  {
                    "name": "eks-App-EKS-NG-14c76fb2-63f9-93ae-72bd-3ba1779124cd"
                  }
                ],
                "remote_access_security_group_id": ""
              }
            ],
            "scaling_config": [
              {
                "desired_size": 2,
                "max_size": 2,
                "min_size": 2
              }
            ],
            "status": "ACTIVE",
            "subnet_ids": [
              "subnet-013e7ab86173cdca5",
              "subnet-0c30a645c7ec2d330"
            ],
            "tags": null,
            "tags_all": {},
            "taint": [],
            "timeouts": null,
            "update_config": [
              {
                "max_unavailable": 1,
                "max_unavailable_percentage": 0
              }
            ],
            "version": "1.27"
          },
          "sensitive_attributes": [],
          "private": "eyJlMmJmYjczMC1lY2FhLTExZTYtOGY4OC0zNDM2M2JjN2M0YzAiOnsiY3JlYXRlIjozNjAwMDAwMDAwMDAwLCJkZWxldGUiOjM2MDAwMDAwMDAwMDAsInVwZGF0ZSI6MzYwMDAwMDAwMDAwMH19",
          "dependencies": [
            "module.EKS.aws_eks_cluster.eks",
            "module.IAM.aws_iam_role.eks_cluster_role",
            "module.IAM.aws_iam_role.nodes_general",
            "module.VPC.aws_subnet.pri-sub-3-a",
            "module.VPC.aws_subnet.pri-sub-4-b",
            "module.VPC.aws_subnet.pri-sub-5-a",
            "module.VPC.aws_subnet.pri-sub-6-b",
            "module.VPC.aws_subnet.pub-sub-1-a",
            "module.VPC.aws_subnet.pub-sub-2-b",
            "module.VPC.aws_vpc.vpc",
            "module.VPC.data.aws_availability_zones.available_zones"
          ]
        }
      ]
    },
    {
      "module": "module.NODE_GROUP2",
      "mode": "managed",
      "type": "aws_eks_node_group",
      "name": "nodes_2",
      "provider": "provider[\"registry.terraform.io/hashicorp/aws\"]",
      "instances": [
        {
          "schema_version": 0,
          "attributes": {
            "ami_type": "AL2_x86_64",
            "arn": "arn:aws:eks:ap-northeast-1:637423369403:nodegroup/App-EKS/App-EKS-NG-2/40c76fb2-63fc-9cf6-568a-4f931d1badc0",
            "capacity_type": "ON_DEMAND",
            "cluster_name": "App-EKS",
            "disk_size": 20,
            "force_update_version": false,
            "id": "App-EKS:App-EKS-NG-2",
            "instance_types": [
              "t3.small"
            ],
            "labels": {
              "name": "App-EKS-NG-2",
              "node-type": "was",
              "role": "App-EKS-Node-group-role-2"
            },
            "launch_template": [],
            "node_group_name": "App-EKS-NG-2",
            "node_group_name_prefix": "",
            "node_role_arn": "arn:aws:iam::637423369403:role/App-EKS-Node-group-role",
            "release_version": "1.27.9-20240409",
            "remote_access": [],
            "resources": [
              {
                "autoscaling_groups": [
                  {
                    "name": "eks-App-EKS-NG-2-40c76fb2-63fc-9cf6-568a-4f931d1badc0"
                  }
                ],
                "remote_access_security_group_id": ""
              }
            ],
            "scaling_config": [
              {
                "desired_size": 2,
                "max_size": 2,
                "min_size": 2
              }
            ],
            "status": "ACTIVE",
            "subnet_ids": [
              "subnet-017c3f07b4806c886",
              "subnet-027c8446c0ea6c288"
            ],
            "tags": null,
            "tags_all": {},
            "taint": [],
            "timeouts": null,
            "update_config": [
              {
                "max_unavailable": 1,
                "max_unavailable_percentage": 0
              }
            ],
            "version": "1.27"
          },
          "sensitive_attributes": [],
          "private": "eyJlMmJmYjczMC1lY2FhLTExZTYtOGY4OC0zNDM2M2JjN2M0YzAiOnsiY3JlYXRlIjozNjAwMDAwMDAwMDAwLCJkZWxldGUiOjM2MDAwMDAwMDAwMDAsInVwZGF0ZSI6MzYwMDAwMDAwMDAwMH19",
          "dependencies": [
            "module.EKS.aws_eks_cluster.eks",
            "module.IAM.aws_iam_role.eks_cluster_role",
            "module.IAM.aws_iam_role.nodes_general",
            "module.VPC.aws_subnet.pri-sub-3-a",
            "module.VPC.aws_subnet.pri-sub-4-b",
            "module.VPC.aws_subnet.pri-sub-5-a",
            "module.VPC.aws_subnet.pri-sub-6-b",
            "module.VPC.aws_subnet.pub-sub-1-a",
            "module.VPC.aws_subnet.pub-sub-2-b",
            "module.VPC.aws_vpc.vpc",
            "module.VPC.data.aws_availability_zones.available_zones"
          ]
        }
      ]
    },
    {
      "module": "module.VPC",
      "mode": "data",
      "type": "aws_availability_zones",
      "name": "available_zones",
      "provider": "provider[\"registry.terraform.io/hashicorp/aws\"]",
      "instances": [
        {
          "schema_version": 0,
          "attributes": {
            "all_availability_zones": null,
            "exclude_names": null,
            "exclude_zone_ids": null,
            "filter": null,
            "group_names": [
              "ap-northeast-1"
            ],
            "id": "ap-northeast-1",
            "names": [
              "ap-northeast-1a",
              "ap-northeast-1c",
              "ap-northeast-1d"
            ],
            "state": null,
            "timeouts": null,
            "zone_ids": [
              "apne1-az4",
              "apne1-az1",
              "apne1-az2"
            ]
          },
          "sensitive_attributes": []
        }
      ]
    },
    {
      "module": "module.VPC",
      "mode": "managed",
      "type": "aws_internet_gateway",
      "name": "internet_gateway",
      "provider": "provider[\"registry.terraform.io/hashicorp/aws\"]",
      "instances": [
        {
          "schema_version": 0,
          "attributes": {
            "arn": "arn:aws:ec2:ap-northeast-1:637423369403:internet-gateway/igw-0a21e1cd23ca9928b",
            "id": "igw-0a21e1cd23ca9928b",
            "owner_id": "637423369403",
            "tags": {
              "Name": "App-EKS-igw"
            },
            "tags_all": {
              "Name": "App-EKS-igw"
            },
            "timeouts": null,
            "vpc_id": "vpc-033966be9ca3051f4"
          },
          "sensitive_attributes": [],
          "private": "eyJlMmJmYjczMC1lY2FhLTExZTYtOGY4OC0zNDM2M2JjN2M0YzAiOnsiY3JlYXRlIjoxMjAwMDAwMDAwMDAwLCJkZWxldGUiOjEyMDAwMDAwMDAwMDAsInVwZGF0ZSI6MTIwMDAwMDAwMDAwMH19",
          "dependencies": [
            "module.VPC.aws_vpc.vpc"
          ]
        }
      ]
    },
    {
      "module": "module.VPC",
      "mode": "managed",
      "type": "aws_route_table",
      "name": "public_route_table",
      "provider": "provider[\"registry.terraform.io/hashicorp/aws\"]",
      "instances": [
        {
          "schema_version": 0,
          "attributes": {
            "arn": "arn:aws:ec2:ap-northeast-1:637423369403:route-table/rtb-0d918d3632de39594",
            "id": "rtb-0d918d3632de39594",
            "owner_id": "637423369403",
            "propagating_vgws": [],
            "route": [
              {
                "carrier_gateway_id": "",
                "cidr_block": "0.0.0.0/0",
                "core_network_arn": "",
                "destination_prefix_list_id": "",
                "egress_only_gateway_id": "",
                "gateway_id": "igw-0a21e1cd23ca9928b",
                "instance_id": "",
                "ipv6_cidr_block": "",
                "local_gateway_id": "",
                "nat_gateway_id": "",
                "network_interface_id": "",
                "transit_gateway_id": "",
                "vpc_endpoint_id": "",
                "vpc_peering_connection_id": ""
              }
            ],
            "tags": {
              "Name": "Public-RT"
            },
            "tags_all": {
              "Name": "Public-RT"
            },
            "timeouts": null,
            "vpc_id": "vpc-033966be9ca3051f4"
          },
          "sensitive_attributes": [],
          "private": "eyJlMmJmYjczMC1lY2FhLTExZTYtOGY4OC0zNDM2M2JjN2M0YzAiOnsiY3JlYXRlIjozMDAwMDAwMDAwMDAsImRlbGV0ZSI6MzAwMDAwMDAwMDAwLCJ1cGRhdGUiOjEyMDAwMDAwMDAwMH19",
          "dependencies": [
            "module.VPC.aws_internet_gateway.internet_gateway",
            "module.VPC.aws_vpc.vpc"
          ]
        }
      ]
    },
    {
      "module": "module.VPC",
      "mode": "managed",
      "type": "aws_route_table_association",
      "name": "pub-sub-1-a_route_table_association",
      "provider": "provider[\"registry.terraform.io/hashicorp/aws\"]",
      "instances": [
        {
          "schema_version": 0,
          "attributes": {
            "gateway_id": "",
            "id": "rtbassoc-06c5348980328efbb",
            "route_table_id": "rtb-0d918d3632de39594",
            "subnet_id": "subnet-0688bdc3fd2100871",
            "timeouts": null
          },
          "sensitive_attributes": [],
          "private": "eyJlMmJmYjczMC1lY2FhLTExZTYtOGY4OC0zNDM2M2JjN2M0YzAiOnsiY3JlYXRlIjozMDAwMDAwMDAwMDAsImRlbGV0ZSI6MzAwMDAwMDAwMDAwLCJ1cGRhdGUiOjEyMDAwMDAwMDAwMH19",
          "dependencies": [
            "module.VPC.aws_internet_gateway.internet_gateway",
            "module.VPC.aws_route_table.public_route_table",
            "module.VPC.aws_subnet.pub-sub-1-a",
            "module.VPC.aws_vpc.vpc",
            "module.VPC.data.aws_availability_zones.available_zones"
          ]
        }
      ]
    },
    {
      "module": "module.VPC",
      "mode": "managed",
      "type": "aws_route_table_association",
      "name": "pub-sub-2-b_route_table_association",
      "provider": "provider[\"registry.terraform.io/hashicorp/aws\"]",
      "instances": [
        {
          "schema_version": 0,
          "attributes": {
            "gateway_id": "",
            "id": "rtbassoc-0e560944408444289",
            "route_table_id": "rtb-0d918d3632de39594",
            "subnet_id": "subnet-0e6f4aab62488dd73",
            "timeouts": null
          },
          "sensitive_attributes": [],
          "private": "eyJlMmJmYjczMC1lY2FhLTExZTYtOGY4OC0zNDM2M2JjN2M0YzAiOnsiY3JlYXRlIjozMDAwMDAwMDAwMDAsImRlbGV0ZSI6MzAwMDAwMDAwMDAwLCJ1cGRhdGUiOjEyMDAwMDAwMDAwMH19",
          "dependencies": [
            "module.VPC.aws_internet_gateway.internet_gateway",
            "module.VPC.aws_route_table.public_route_table",
            "module.VPC.aws_subnet.pub-sub-2-b",
            "module.VPC.aws_vpc.vpc",
            "module.VPC.data.aws_availability_zones.available_zones"
          ]
        }
      ]
    },
    {
      "module": "module.VPC",
      "mode": "managed",
      "type": "aws_subnet",
      "name": "pri-sub-3-a",
      "provider": "provider[\"registry.terraform.io/hashicorp/aws\"]",
      "instances": [
        {
          "schema_version": 1,
          "attributes": {
            "arn": "arn:aws:ec2:ap-northeast-1:637423369403:subnet/subnet-013e7ab86173cdca5",
            "assign_ipv6_address_on_creation": false,
            "availability_zone": "ap-northeast-1a",
            "availability_zone_id": "apne1-az4",
            "cidr_block": "192.168.32.0/20",
            "customer_owned_ipv4_pool": "",
            "enable_dns64": false,
            "enable_lni_at_device_index": 0,
            "enable_resource_name_dns_a_record_on_launch": false,
            "enable_resource_name_dns_aaaa_record_on_launch": false,
            "id": "subnet-013e7ab86173cdca5",
            "ipv6_cidr_block": "",
            "ipv6_cidr_block_association_id": "",
            "ipv6_native": false,
            "map_customer_owned_ip_on_launch": false,
            "map_public_ip_on_launch": false,
            "outpost_arn": "",
            "owner_id": "637423369403",
            "private_dns_hostname_type_on_launch": "ip-name",
            "tags": {
              "Name": "pri-sub-3-a",
              "kubernetes.io/cluster/App-EKS": "shared",
              "kubernetes.io/role/internal-elb": "1"
            },
            "tags_all": {
              "Name": "pri-sub-3-a",
              "kubernetes.io/cluster/App-EKS": "shared",
              "kubernetes.io/role/internal-elb": "1"
            },
            "timeouts": null,
            "vpc_id": "vpc-033966be9ca3051f4"
          },
          "sensitive_attributes": [],
          "private": "eyJlMmJmYjczMC1lY2FhLTExZTYtOGY4OC0zNDM2M2JjN2M0YzAiOnsiY3JlYXRlIjo2MDAwMDAwMDAwMDAsImRlbGV0ZSI6MTIwMDAwMDAwMDAwMH0sInNjaGVtYV92ZXJzaW9uIjoiMSJ9",
          "dependencies": [
            "module.VPC.aws_vpc.vpc",
            "module.VPC.data.aws_availability_zones.available_zones"
          ]
        }
      ]
    },
    {
      "module": "module.VPC",
      "mode": "managed",
      "type": "aws_subnet",
      "name": "pri-sub-4-b",
      "provider": "provider[\"registry.terraform.io/hashicorp/aws\"]",
      "instances": [
        {
          "schema_version": 1,
          "attributes": {
            "arn": "arn:aws:ec2:ap-northeast-1:637423369403:subnet/subnet-0c30a645c7ec2d330",
            "assign_ipv6_address_on_creation": false,
            "availability_zone": "ap-northeast-1c",
            "availability_zone_id": "apne1-az1",
            "cidr_block": "192.168.48.0/20",
            "customer_owned_ipv4_pool": "",
            "enable_dns64": false,
            "enable_lni_at_device_index": 0,
            "enable_resource_name_dns_a_record_on_launch": false,
            "enable_resource_name_dns_aaaa_record_on_launch": false,
            "id": "subnet-0c30a645c7ec2d330",
            "ipv6_cidr_block": "",
            "ipv6_cidr_block_association_id": "",
            "ipv6_native": false,
            "map_customer_owned_ip_on_launch": false,
            "map_public_ip_on_launch": false,
            "outpost_arn": "",
            "owner_id": "637423369403",
            "private_dns_hostname_type_on_launch": "ip-name",
            "tags": {
              "Name": "pri-sub-4-b",
              "kubernetes.io/cluster/App-EKS": "shared",
              "kubernetes.io/role/internal-elb": "1"
            },
            "tags_all": {
              "Name": "pri-sub-4-b",
              "kubernetes.io/cluster/App-EKS": "shared",
              "kubernetes.io/role/internal-elb": "1"
            },
            "timeouts": null,
            "vpc_id": "vpc-033966be9ca3051f4"
          },
          "sensitive_attributes": [],
          "private": "eyJlMmJmYjczMC1lY2FhLTExZTYtOGY4OC0zNDM2M2JjN2M0YzAiOnsiY3JlYXRlIjo2MDAwMDAwMDAwMDAsImRlbGV0ZSI6MTIwMDAwMDAwMDAwMH0sInNjaGVtYV92ZXJzaW9uIjoiMSJ9",
          "dependencies": [
            "module.VPC.aws_vpc.vpc",
            "module.VPC.data.aws_availability_zones.available_zones"
          ]
        }
      ]
    },
    {
      "module": "module.VPC",
      "mode": "managed",
      "type": "aws_subnet",
      "name": "pri-sub-5-a",
      "provider": "provider[\"registry.terraform.io/hashicorp/aws\"]",
      "instances": [
        {
          "schema_version": 1,
          "attributes": {
            "arn": "arn:aws:ec2:ap-northeast-1:637423369403:subnet/subnet-017c3f07b4806c886",
            "assign_ipv6_address_on_creation": false,
            "availability_zone": "ap-northeast-1a",
            "availability_zone_id": "apne1-az4",
            "cidr_block": "192.168.64.0/20",
            "customer_owned_ipv4_pool": "",
            "enable_dns64": false,
            "enable_lni_at_device_index": 0,
            "enable_resource_name_dns_a_record_on_launch": false,
            "enable_resource_name_dns_aaaa_record_on_launch": false,
            "id": "subnet-017c3f07b4806c886",
            "ipv6_cidr_block": "",
            "ipv6_cidr_block_association_id": "",
            "ipv6_native": false,
            "map_customer_owned_ip_on_launch": false,
            "map_public_ip_on_launch": false,
            "outpost_arn": "",
            "owner_id": "637423369403",
            "private_dns_hostname_type_on_launch": "ip-name",
            "tags": {
              "Name": "pri-sub-5-a",
              "kubernetes.io/cluster/App-EKS": "shared",
              "kubernetes.io/role/internal-elb": "1"
            },
            "tags_all": {
              "Name": "pri-sub-5-a",
              "kubernetes.io/cluster/App-EKS": "shared",
              "kubernetes.io/role/internal-elb": "1"
            },
            "timeouts": null,
            "vpc_id": "vpc-033966be9ca3051f4"
          },
          "sensitive_attributes": [],
          "private": "eyJlMmJmYjczMC1lY2FhLTExZTYtOGY4OC0zNDM2M2JjN2M0YzAiOnsiY3JlYXRlIjo2MDAwMDAwMDAwMDAsImRlbGV0ZSI6MTIwMDAwMDAwMDAwMH0sInNjaGVtYV92ZXJzaW9uIjoiMSJ9",
          "dependencies": [
            "module.VPC.aws_vpc.vpc",
            "module.VPC.data.aws_availability_zones.available_zones"
          ]
        }
      ]
    },
    {
      "module": "module.VPC",
      "mode": "managed",
      "type": "aws_subnet",
      "name": "pri-sub-6-b",
      "provider": "provider[\"registry.terraform.io/hashicorp/aws\"]",
      "instances": [
        {
          "schema_version": 1,
          "attributes": {
            "arn": "arn:aws:ec2:ap-northeast-1:637423369403:subnet/subnet-027c8446c0ea6c288",
            "assign_ipv6_address_on_creation": false,
            "availability_zone": "ap-northeast-1c",
            "availability_zone_id": "apne1-az1",
            "cidr_block": "192.168.80.0/20",
            "customer_owned_ipv4_pool": "",
            "enable_dns64": false,
            "enable_lni_at_device_index": 0,
            "enable_resource_name_dns_a_record_on_launch": false,
            "enable_resource_name_dns_aaaa_record_on_launch": false,
            "id": "subnet-027c8446c0ea6c288",
            "ipv6_cidr_block": "",
            "ipv6_cidr_block_association_id": "",
            "ipv6_native": false,
            "map_customer_owned_ip_on_launch": false,
            "map_public_ip_on_launch": false,
            "outpost_arn": "",
            "owner_id": "637423369403",
            "private_dns_hostname_type_on_launch": "ip-name",
            "tags": {
              "Name": "pri-sub-6-b",
              "kubernetes.io/cluster/App-EKS": "shared",
              "kubernetes.io/role/internal-elb": "1"
            },
            "tags_all": {
              "Name": "pri-sub-6-b",
              "kubernetes.io/cluster/App-EKS": "shared",
              "kubernetes.io/role/internal-elb": "1"
            },
            "timeouts": null,
            "vpc_id": "vpc-033966be9ca3051f4"
          },
          "sensitive_attributes": [],
          "private": "eyJlMmJmYjczMC1lY2FhLTExZTYtOGY4OC0zNDM2M2JjN2M0YzAiOnsiY3JlYXRlIjo2MDAwMDAwMDAwMDAsImRlbGV0ZSI6MTIwMDAwMDAwMDAwMH0sInNjaGVtYV92ZXJzaW9uIjoiMSJ9",
          "dependencies": [
            "module.VPC.aws_vpc.vpc",
            "module.VPC.data.aws_availability_zones.available_zones"
          ]
        }
      ]
    },
    {
      "module": "module.VPC",
      "mode": "managed",
      "type": "aws_subnet",
      "name": "pri-sub-7-a",
      "provider": "provider[\"registry.terraform.io/hashicorp/aws\"]",
      "instances": [
        {
          "schema_version": 1,
          "attributes": {
            "arn": "arn:aws:ec2:ap-northeast-1:637423369403:subnet/subnet-09fc3fc903c1e4078",
            "assign_ipv6_address_on_creation": false,
            "availability_zone": "ap-northeast-1a",
            "availability_zone_id": "apne1-az4",
            "cidr_block": "192.168.96.0/20",
            "customer_owned_ipv4_pool": "",
            "enable_dns64": false,
            "enable_lni_at_device_index": 0,
            "enable_resource_name_dns_a_record_on_launch": false,
            "enable_resource_name_dns_aaaa_record_on_launch": false,
            "id": "subnet-09fc3fc903c1e4078",
            "ipv6_cidr_block": "",
            "ipv6_cidr_block_association_id": "",
            "ipv6_native": false,
            "map_customer_owned_ip_on_launch": false,
            "map_public_ip_on_launch": false,
            "outpost_arn": "",
            "owner_id": "637423369403",
            "private_dns_hostname_type_on_launch": "ip-name",
            "tags": {
              "Name": "pri-sub-7-a"
            },
            "tags_all": {
              "Name": "pri-sub-7-a"
            },
            "timeouts": null,
            "vpc_id": "vpc-033966be9ca3051f4"
          },
          "sensitive_attributes": [],
          "private": "eyJlMmJmYjczMC1lY2FhLTExZTYtOGY4OC0zNDM2M2JjN2M0YzAiOnsiY3JlYXRlIjo2MDAwMDAwMDAwMDAsImRlbGV0ZSI6MTIwMDAwMDAwMDAwMH0sInNjaGVtYV92ZXJzaW9uIjoiMSJ9",
          "dependencies": [
            "module.VPC.aws_vpc.vpc",
            "module.VPC.data.aws_availability_zones.available_zones"
          ]
        }
      ]
    },
    {
      "module": "module.VPC",
      "mode": "managed",
      "type": "aws_subnet",
      "name": "pri-sub-8-b",
      "provider": "provider[\"registry.terraform.io/hashicorp/aws\"]",
      "instances": [
        {
          "schema_version": 1,
          "attributes": {
            "arn": "arn:aws:ec2:ap-northeast-1:637423369403:subnet/subnet-0ddd546aaef22f886",
            "assign_ipv6_address_on_creation": false,
            "availability_zone": "ap-northeast-1c",
            "availability_zone_id": "apne1-az1",
            "cidr_block": "192.168.112.0/20",
            "customer_owned_ipv4_pool": "",
            "enable_dns64": false,
            "enable_lni_at_device_index": 0,
            "enable_resource_name_dns_a_record_on_launch": false,
            "enable_resource_name_dns_aaaa_record_on_launch": false,
            "id": "subnet-0ddd546aaef22f886",
            "ipv6_cidr_block": "",
            "ipv6_cidr_block_association_id": "",
            "ipv6_native": false,
            "map_customer_owned_ip_on_launch": false,
            "map_public_ip_on_launch": false,
            "outpost_arn": "",
            "owner_id": "637423369403",
            "private_dns_hostname_type_on_launch": "ip-name",
            "tags": {
              "Name": "pri-sub-8-b"
            },
            "tags_all": {
              "Name": "pri-sub-8-b"
            },
            "timeouts": null,
            "vpc_id": "vpc-033966be9ca3051f4"
          },
          "sensitive_attributes": [],
          "private": "eyJlMmJmYjczMC1lY2FhLTExZTYtOGY4OC0zNDM2M2JjN2M0YzAiOnsiY3JlYXRlIjo2MDAwMDAwMDAwMDAsImRlbGV0ZSI6MTIwMDAwMDAwMDAwMH0sInNjaGVtYV92ZXJzaW9uIjoiMSJ9",
          "dependencies": [
            "module.VPC.aws_vpc.vpc",
            "module.VPC.data.aws_availability_zones.available_zones"
          ]
        }
      ]
    },
    {
      "module": "module.VPC",
      "mode": "managed",
      "type": "aws_subnet",
      "name": "pub-sub-1-a",
      "provider": "provider[\"registry.terraform.io/hashicorp/aws\"]",
      "instances": [
        {
          "schema_version": 1,
          "attributes": {
            "arn": "arn:aws:ec2:ap-northeast-1:637423369403:subnet/subnet-0688bdc3fd2100871",
            "assign_ipv6_address_on_creation": false,
            "availability_zone": "ap-northeast-1a",
            "availability_zone_id": "apne1-az4",
            "cidr_block": "192.168.0.0/20",
            "customer_owned_ipv4_pool": "",
            "enable_dns64": false,
            "enable_lni_at_device_index": 0,
            "enable_resource_name_dns_a_record_on_launch": false,
            "enable_resource_name_dns_aaaa_record_on_launch": false,
            "id": "subnet-0688bdc3fd2100871",
            "ipv6_cidr_block": "",
            "ipv6_cidr_block_association_id": "",
            "ipv6_native": false,
            "map_customer_owned_ip_on_launch": false,
            "map_public_ip_on_launch": true,
            "outpost_arn": "",
            "owner_id": "637423369403",
            "private_dns_hostname_type_on_launch": "ip-name",
            "tags": {
              "Name": "pub-sub-1-a",
              "kubernetes.io/cluster/App-EKS": "shared",
              "kubernetes.io/role/elb": "1"
            },
            "tags_all": {
              "Name": "pub-sub-1-a",
              "kubernetes.io/cluster/App-EKS": "shared",
              "kubernetes.io/role/elb": "1"
            },
            "timeouts": null,
            "vpc_id": "vpc-033966be9ca3051f4"
          },
          "sensitive_attributes": [],
          "private": "eyJlMmJmYjczMC1lY2FhLTExZTYtOGY4OC0zNDM2M2JjN2M0YzAiOnsiY3JlYXRlIjo2MDAwMDAwMDAwMDAsImRlbGV0ZSI6MTIwMDAwMDAwMDAwMH0sInNjaGVtYV92ZXJzaW9uIjoiMSJ9",
          "dependencies": [
            "module.VPC.aws_vpc.vpc",
            "module.VPC.data.aws_availability_zones.available_zones"
          ]
        }
      ]
    },
    {
      "module": "module.VPC",
      "mode": "managed",
      "type": "aws_subnet",
      "name": "pub-sub-2-b",
      "provider": "provider[\"registry.terraform.io/hashicorp/aws\"]",
      "instances": [
        {
          "schema_version": 1,
          "attributes": {
            "arn": "arn:aws:ec2:ap-northeast-1:637423369403:subnet/subnet-0e6f4aab62488dd73",
            "assign_ipv6_address_on_creation": false,
            "availability_zone": "ap-northeast-1c",
            "availability_zone_id": "apne1-az1",
            "cidr_block": "192.168.16.0/20",
            "customer_owned_ipv4_pool": "",
            "enable_dns64": false,
            "enable_lni_at_device_index": 0,
            "enable_resource_name_dns_a_record_on_launch": false,
            "enable_resource_name_dns_aaaa_record_on_launch": false,
            "id": "subnet-0e6f4aab62488dd73",
            "ipv6_cidr_block": "",
            "ipv6_cidr_block_association_id": "",
            "ipv6_native": false,
            "map_customer_owned_ip_on_launch": false,
            "map_public_ip_on_launch": true,
            "outpost_arn": "",
            "owner_id": "637423369403",
            "private_dns_hostname_type_on_launch": "ip-name",
            "tags": {
              "Name": "pub-sub-2-b",
              "kubernetes.io/cluster/App-EKS": "shared",
              "kubernetes.io/role/elb": "1"
            },
            "tags_all": {
              "Name": "pub-sub-2-b",
              "kubernetes.io/cluster/App-EKS": "shared",
              "kubernetes.io/role/elb": "1"
            },
            "timeouts": null,
            "vpc_id": "vpc-033966be9ca3051f4"
          },
          "sensitive_attributes": [],
          "private": "eyJlMmJmYjczMC1lY2FhLTExZTYtOGY4OC0zNDM2M2JjN2M0YzAiOnsiY3JlYXRlIjo2MDAwMDAwMDAwMDAsImRlbGV0ZSI6MTIwMDAwMDAwMDAwMH0sInNjaGVtYV92ZXJzaW9uIjoiMSJ9",
          "dependencies": [
            "module.VPC.aws_vpc.vpc",
            "module.VPC.data.aws_availability_zones.available_zones"
          ]
        }
      ]
    },
    {
      "module": "module.VPC",
      "mode": "managed",
      "type": "aws_vpc",
      "name": "vpc",
      "provider": "provider[\"registry.terraform.io/hashicorp/aws\"]",
      "instances": [
        {
          "schema_version": 1,
          "attributes": {
            "arn": "arn:aws:ec2:ap-northeast-1:637423369403:vpc/vpc-033966be9ca3051f4",
            "assign_generated_ipv6_cidr_block": false,
            "cidr_block": "192.168.0.0/16",
            "default_network_acl_id": "acl-08d2f29250f4d6792",
            "default_route_table_id": "rtb-097322735c3b1d16e",
            "default_security_group_id": "sg-0c3636be865d52971",
            "dhcp_options_id": "dopt-05c6f32b044ba2f7b",
            "enable_classiclink": false,
            "enable_classiclink_dns_support": false,
            "enable_dns_hostnames": true,
            "enable_dns_support": true,
            "enable_network_address_usage_metrics": false,
            "id": "vpc-033966be9ca3051f4",
            "instance_tenancy": "default",
            "ipv4_ipam_pool_id": null,
            "ipv4_netmask_length": null,
            "ipv6_association_id": "",
            "ipv6_cidr_block": "",
            "ipv6_cidr_block_network_border_group": "",
            "ipv6_ipam_pool_id": "",
            "ipv6_netmask_length": 0,
            "main_route_table_id": "rtb-097322735c3b1d16e",
            "owner_id": "637423369403",
            "tags": {
              "Name": "App-EKS-vpc"
            },
            "tags_all": {
              "Name": "App-EKS-vpc"
            }
          },
          "sensitive_attributes": [],
          "private": "eyJzY2hlbWFfdmVyc2lvbiI6IjEifQ=="
        }
      ]
    }
  ],
  "check_results": null
}
